
Microsoft Visual Studio Solution File, Format Version 12.00
# Visual Studio Version 17
VisualStudioVersion = 17.9.34728.123
MinimumVisualStudioVersion = 10.0.40219.1
Project("{FAE04EC0-301F-11D3-BF4B-00C04F79EFBC}") = "Média", "Média\Média.csproj", "{108C693C-A83B-40B5-83BB-CDE71EC5ED72}"
EndProject
Global
	GlobalSection(SolutionConfigurationPlatforms) = preSolution
		Debug|Any CPU = Debug|Any CPU
		Release|Any CPU = Release|Any CPU
	EndGlobalSection
	GlobalSection(ProjectConfigurationPlatforms) = postSolution
		{108C693C-A83B-40B5-83BB-CDE71EC5ED72}.Debug|Any CPU.ActiveCfg = Debug|Any CPU
		{108C693C-A83B-40B5-83BB-CDE71EC5ED72}.Debug|Any CPU.Build.0 = Debug|Any CPU
		{108C693C-A83B-40B5-83BB-CDE71EC5ED72}.Release|Any CPU.ActiveCfg = Release|Any CPU
		{108C693C-A83B-40B5-83BB-CDE71EC5ED72}.Release|Any CPU.Build.0 = Release|Any CPU
	EndGlobalSection
	GlobalSection(SolutionProperties) = preSolution
		HideSolutionNode = FALSE
	EndGlobalSection
	GlobalSection(ExtensibilityGlobals) = postSolution
		SolutionGuid = {7E9D1C98-5866-44D5-AE9E-239AE78C47E8}
	EndGlobalSection
EndGlobal
